// !$*UTF8*$!
{
	archiveVersion = 1;
	classes = {
	};
	objectVersion = 56;
	objects = {

/* Begin PBXBuildFile section */
		E42B4FAD2B682A58003E6475 /* DubDubGrubApp.swift in Sources */ = {isa = PBXBuildFile; fileRef = E42B4FAC2B682A58003E6475 /* DubDubGrubApp.swift */; };
		E42B4FB12B682A5A003E6475 /* Assets.xcassets in Resources */ = {isa = PBXBuildFile; fileRef = E42B4FB02B682A5A003E6475 /* Assets.xcassets */; };
		E42B4FB42B682A5A003E6475 /* Preview Assets.xcassets in Resources */ = {isa = PBXBuildFile; fileRef = E42B4FB32B682A5A003E6475 /* Preview Assets.xcassets */; };
		E42B4FDA2B682CF7003E6475 /* AppTabView.swift in Sources */ = {isa = PBXBuildFile; fileRef = E42B4FD92B682CF7003E6475 /* AppTabView.swift */; };
		E42B4FDC2B682E05003E6475 /* LocationMapView.swift in Sources */ = {isa = PBXBuildFile; fileRef = E42B4FDB2B682E05003E6475 /* LocationMapView.swift */; };
		E42B4FDE2B682E22003E6475 /* LocationListView.swift in Sources */ = {isa = PBXBuildFile; fileRef = E42B4FDD2B682E22003E6475 /* LocationListView.swift */; };
		E42B4FE02B682E2F003E6475 /* ProfileView.swift in Sources */ = {isa = PBXBuildFile; fileRef = E42B4FDF2B682E2F003E6475 /* ProfileView.swift */; };
		E42B4FE22B683786003E6475 /* LocationDetailView.swift in Sources */ = {isa = PBXBuildFile; fileRef = E42B4FE12B683786003E6475 /* LocationDetailView.swift */; };
		E467C4F12B6BC954009BEE7C /* UIImage+Ext.swift in Sources */ = {isa = PBXBuildFile; fileRef = E467C4F02B6BC954009BEE7C /* UIImage+Ext.swift */; };
		E467C4F42B6BE576009BEE7C /* ProfileViewModel.swift in Sources */ = {isa = PBXBuildFile; fileRef = E467C4F32B6BE576009BEE7C /* ProfileViewModel.swift */; };
		E467C4F62B6D52CA009BEE7C /* LoadingView.swift in Sources */ = {isa = PBXBuildFile; fileRef = E467C4F52B6D52CA009BEE7C /* LoadingView.swift */; };
		E467C4F92B6D63AD009BEE7C /* LocationDetailViewModel.swift in Sources */ = {isa = PBXBuildFile; fileRef = E467C4F82B6D63AD009BEE7C /* LocationDetailViewModel.swift */; };
		E49436A32B6FCA8C00558A18 /* LocationListViewModel.swift in Sources */ = {isa = PBXBuildFile; fileRef = E49436A22B6FCA8C00558A18 /* LocationListViewModel.swift */; };
		E49436A62B6FD42500558A18 /* MapBalloon.swift in Sources */ = {isa = PBXBuildFile; fileRef = E49436A52B6FD42500558A18 /* MapBalloon.swift */; };
		E49436A82B6FD8A000558A18 /* DDGAnnotation.swift in Sources */ = {isa = PBXBuildFile; fileRef = E49436A72B6FD8A000558A18 /* DDGAnnotation.swift */; };
		E49436AB2B70112E00558A18 /* AppTabViewModel.swift in Sources */ = {isa = PBXBuildFile; fileRef = E49436AA2B70112E00558A18 /* AppTabViewModel.swift */; };
		E49576E82B7288C5001E7E42 /* ProfileSheetView.swift in Sources */ = {isa = PBXBuildFile; fileRef = E49576E72B7288C5001E7E42 /* ProfileSheetView.swift */; };
		E49576EA2B73A811001E7E42 /* HapticManager.swift in Sources */ = {isa = PBXBuildFile; fileRef = E49576E92B73A811001E7E42 /* HapticManager.swift */; };
		E49924612B69217F0040FAB6 /* LocationCell.swift in Sources */ = {isa = PBXBuildFile; fileRef = E49924602B69217F0040FAB6 /* LocationCell.swift */; };
		E49924632B6921A60040FAB6 /* AvatarView.swift in Sources */ = {isa = PBXBuildFile; fileRef = E49924622B6921A60040FAB6 /* AvatarView.swift */; };
		E49924652B6924230040FAB6 /* CustomModifiers.swift in Sources */ = {isa = PBXBuildFile; fileRef = E49924642B6924230040FAB6 /* CustomModifiers.swift */; };
		E49924672B6924510040FAB6 /* View+Ext.swift in Sources */ = {isa = PBXBuildFile; fileRef = E49924662B6924510040FAB6 /* View+Ext.swift */; };
		E49924692B6925BD0040FAB6 /* DDGButton.swift in Sources */ = {isa = PBXBuildFile; fileRef = E49924682B6925BD0040FAB6 /* DDGButton.swift */; };
		E49924712B695AED0040FAB6 /* DDGLocation.swift in Sources */ = {isa = PBXBuildFile; fileRef = E49924702B695AED0040FAB6 /* DDGLocation.swift */; };
		E49924732B69607E0040FAB6 /* DDGProfile.swift in Sources */ = {isa = PBXBuildFile; fileRef = E49924722B69607E0040FAB6 /* DDGProfile.swift */; };
		E49924752B6962C00040FAB6 /* MockData.swift in Sources */ = {isa = PBXBuildFile; fileRef = E49924742B6962C00040FAB6 /* MockData.swift */; };
		E49924782B6969F80040FAB6 /* CloudKitManager.swift in Sources */ = {isa = PBXBuildFile; fileRef = E49924772B6969F80040FAB6 /* CloudKitManager.swift */; };
		E499247A2B696B620040FAB6 /* Constants.swift in Sources */ = {isa = PBXBuildFile; fileRef = E49924792B696B620040FAB6 /* Constants.swift */; };
		E499247C2B69712A0040FAB6 /* AlertItem.swift in Sources */ = {isa = PBXBuildFile; fileRef = E499247B2B69712A0040FAB6 /* AlertItem.swift */; };
		E499247F2B69752D0040FAB6 /* LocationMapViewModel.swift in Sources */ = {isa = PBXBuildFile; fileRef = E499247E2B69752D0040FAB6 /* LocationMapViewModel.swift */; };
		E49924812B6983B60040FAB6 /* LocationManager.swift in Sources */ = {isa = PBXBuildFile; fileRef = E49924802B6983B60040FAB6 /* LocationManager.swift */; };
		E49F020B2B6E68730004CCB1 /* ProfileModalView.swift in Sources */ = {isa = PBXBuildFile; fileRef = E49F020A2B6E68730004CCB1 /* ProfileModalView.swift */; };
		E4FFCB3A2B6A4CBA0043E787 /* CKAsset+Ext.swift in Sources */ = {isa = PBXBuildFile; fileRef = E4FFCB392B6A4CBA0043E787 /* CKAsset+Ext.swift */; };
		E4FFCB3C2B6A95D40043E787 /* OnboardView.swift in Sources */ = {isa = PBXBuildFile; fileRef = E4FFCB3B2B6A95D40043E787 /* OnboardView.swift */; };
		E4FFCB3E2B6A961B0043E787 /* LogoView.swift in Sources */ = {isa = PBXBuildFile; fileRef = E4FFCB3D2B6A961B0043E787 /* LogoView.swift */; };
		E4FFCB412B6A9B0E0043E787 /* XDismissButton.swift in Sources */ = {isa = PBXBuildFile; fileRef = E4FFCB402B6A9B0E0043E787 /* XDismissButton.swift */; };
		E4FFCB442B6AB5080043E787 /* PhotoPicker.swift in Sources */ = {isa = PBXBuildFile; fileRef = E4FFCB432B6AB5080043E787 /* PhotoPicker.swift */; };
/* End PBXBuildFile section */

/* Begin PBXFileReference section */
		E41B9C072B7139F00023B45D /* Info.plist */ = {isa = PBXFileReference; lastKnownFileType = text.plist.xml; path = Info.plist; sourceTree = "<group>"; };
		E42B4FA92B682A58003E6475 /* DubDubGrub.app */ = {isa = PBXFileReference; explicitFileType = wrapper.application; includeInIndex = 0; path = DubDubGrub.app; sourceTree = BUILT_PRODUCTS_DIR; };
		E42B4FAC2B682A58003E6475 /* DubDubGrubApp.swift */ = {isa = PBXFileReference; lastKnownFileType = sourcecode.swift; path = DubDubGrubApp.swift; sourceTree = "<group>"; };
		E42B4FB02B682A5A003E6475 /* Assets.xcassets */ = {isa = PBXFileReference; lastKnownFileType = folder.assetcatalog; path = Assets.xcassets; sourceTree = "<group>"; };
		E42B4FB32B682A5A003E6475 /* Preview Assets.xcassets */ = {isa = PBXFileReference; lastKnownFileType = folder.assetcatalog; path = "Preview Assets.xcassets"; sourceTree = "<group>"; };
		E42B4FD62B682AD7003E6475 /* DubDubGrub.entitlements */ = {isa = PBXFileReference; lastKnownFileType = text.plist.entitlements; path = DubDubGrub.entitlements; sourceTree = "<group>"; };
		E42B4FD92B682CF7003E6475 /* AppTabView.swift */ = {isa = PBXFileReference; lastKnownFileType = sourcecode.swift; path = AppTabView.swift; sourceTree = "<group>"; };
		E42B4FDB2B682E05003E6475 /* LocationMapView.swift */ = {isa = PBXFileReference; lastKnownFileType = sourcecode.swift; path = LocationMapView.swift; sourceTree = "<group>"; };
		E42B4FDD2B682E22003E6475 /* LocationListView.swift */ = {isa = PBXFileReference; lastKnownFileType = sourcecode.swift; path = LocationListView.swift; sourceTree = "<group>"; };
		E42B4FDF2B682E2F003E6475 /* ProfileView.swift */ = {isa = PBXFileReference; lastKnownFileType = sourcecode.swift; path = ProfileView.swift; sourceTree = "<group>"; };
		E42B4FE12B683786003E6475 /* LocationDetailView.swift */ = {isa = PBXFileReference; lastKnownFileType = sourcecode.swift; path = LocationDetailView.swift; sourceTree = "<group>"; };
		E467C4F02B6BC954009BEE7C /* UIImage+Ext.swift */ = {isa = PBXFileReference; lastKnownFileType = sourcecode.swift; path = "UIImage+Ext.swift"; sourceTree = "<group>"; };
		E467C4F32B6BE576009BEE7C /* ProfileViewModel.swift */ = {isa = PBXFileReference; lastKnownFileType = sourcecode.swift; path = ProfileViewModel.swift; sourceTree = "<group>"; };
		E467C4F52B6D52CA009BEE7C /* LoadingView.swift */ = {isa = PBXFileReference; lastKnownFileType = sourcecode.swift; path = LoadingView.swift; sourceTree = "<group>"; };
		E467C4F82B6D63AD009BEE7C /* LocationDetailViewModel.swift */ = {isa = PBXFileReference; lastKnownFileType = sourcecode.swift; path = LocationDetailViewModel.swift; sourceTree = "<group>"; };
		E49436A22B6FCA8C00558A18 /* LocationListViewModel.swift */ = {isa = PBXFileReference; lastKnownFileType = sourcecode.swift; path = LocationListViewModel.swift; sourceTree = "<group>"; };
		E49436A52B6FD42500558A18 /* MapBalloon.swift */ = {isa = PBXFileReference; lastKnownFileType = sourcecode.swift; path = MapBalloon.swift; sourceTree = "<group>"; };
		E49436A72B6FD8A000558A18 /* DDGAnnotation.swift */ = {isa = PBXFileReference; lastKnownFileType = sourcecode.swift; path = DDGAnnotation.swift; sourceTree = "<group>"; };
		E49436AA2B70112E00558A18 /* AppTabViewModel.swift */ = {isa = PBXFileReference; lastKnownFileType = sourcecode.swift; path = AppTabViewModel.swift; sourceTree = "<group>"; };
		E49576E72B7288C5001E7E42 /* ProfileSheetView.swift */ = {isa = PBXFileReference; lastKnownFileType = sourcecode.swift; path = ProfileSheetView.swift; sourceTree = "<group>"; };
		E49576E92B73A811001E7E42 /* HapticManager.swift */ = {isa = PBXFileReference; lastKnownFileType = sourcecode.swift; path = HapticManager.swift; sourceTree = "<group>"; };
		E49924602B69217F0040FAB6 /* LocationCell.swift */ = {isa = PBXFileReference; lastKnownFileType = sourcecode.swift; path = LocationCell.swift; sourceTree = "<group>"; };
		E49924622B6921A60040FAB6 /* AvatarView.swift */ = {isa = PBXFileReference; lastKnownFileType = sourcecode.swift; path = AvatarView.swift; sourceTree = "<group>"; };
		E49924642B6924230040FAB6 /* CustomModifiers.swift */ = {isa = PBXFileReference; lastKnownFileType = sourcecode.swift; path = CustomModifiers.swift; sourceTree = "<group>"; };
		E49924662B6924510040FAB6 /* View+Ext.swift */ = {isa = PBXFileReference; lastKnownFileType = sourcecode.swift; path = "View+Ext.swift"; sourceTree = "<group>"; };
		E49924682B6925BD0040FAB6 /* DDGButton.swift */ = {isa = PBXFileReference; lastKnownFileType = sourcecode.swift; path = DDGButton.swift; sourceTree = "<group>"; };
		E49924702B695AED0040FAB6 /* DDGLocation.swift */ = {isa = PBXFileReference; lastKnownFileType = sourcecode.swift; path = DDGLocation.swift; sourceTree = "<group>"; };
		E49924722B69607E0040FAB6 /* DDGProfile.swift */ = {isa = PBXFileReference; lastKnownFileType = sourcecode.swift; path = DDGProfile.swift; sourceTree = "<group>"; };
		E49924742B6962C00040FAB6 /* MockData.swift */ = {isa = PBXFileReference; lastKnownFileType = sourcecode.swift; path = MockData.swift; sourceTree = "<group>"; };
		E49924772B6969F80040FAB6 /* CloudKitManager.swift */ = {isa = PBXFileReference; lastKnownFileType = sourcecode.swift; path = CloudKitManager.swift; sourceTree = "<group>"; };
		E49924792B696B620040FAB6 /* Constants.swift */ = {isa = PBXFileReference; lastKnownFileType = sourcecode.swift; path = Constants.swift; sourceTree = "<group>"; };
		E499247B2B69712A0040FAB6 /* AlertItem.swift */ = {isa = PBXFileReference; lastKnownFileType = sourcecode.swift; path = AlertItem.swift; sourceTree = "<group>"; };
		E499247E2B69752D0040FAB6 /* LocationMapViewModel.swift */ = {isa = PBXFileReference; lastKnownFileType = sourcecode.swift; path = LocationMapViewModel.swift; sourceTree = "<group>"; };
		E49924802B6983B60040FAB6 /* LocationManager.swift */ = {isa = PBXFileReference; lastKnownFileType = sourcecode.swift; path = LocationManager.swift; sourceTree = "<group>"; };
		E49F020A2B6E68730004CCB1 /* ProfileModalView.swift */ = {isa = PBXFileReference; lastKnownFileType = sourcecode.swift; path = ProfileModalView.swift; sourceTree = "<group>"; };
		E4FFCB392B6A4CBA0043E787 /* CKAsset+Ext.swift */ = {isa = PBXFileReference; lastKnownFileType = sourcecode.swift; path = "CKAsset+Ext.swift"; sourceTree = "<group>"; };
		E4FFCB3B2B6A95D40043E787 /* OnboardView.swift */ = {isa = PBXFileReference; lastKnownFileType = sourcecode.swift; path = OnboardView.swift; sourceTree = "<group>"; };
		E4FFCB3D2B6A961B0043E787 /* LogoView.swift */ = {isa = PBXFileReference; lastKnownFileType = sourcecode.swift; path = LogoView.swift; sourceTree = "<group>"; };
		E4FFCB402B6A9B0E0043E787 /* XDismissButton.swift */ = {isa = PBXFileReference; lastKnownFileType = sourcecode.swift; path = XDismissButton.swift; sourceTree = "<group>"; };
		E4FFCB432B6AB5080043E787 /* PhotoPicker.swift */ = {isa = PBXFileReference; lastKnownFileType = sourcecode.swift; path = PhotoPicker.swift; sourceTree = "<group>"; };
/* End PBXFileReference section */

/* Begin PBXFrameworksBuildPhase section */
		E42B4FA62B682A58003E6475 /* Frameworks */ = {
			isa = PBXFrameworksBuildPhase;
			buildActionMask = 2147483647;
			files = (
			);
			runOnlyForDeploymentPostprocessing = 0;
		};
/* End PBXFrameworksBuildPhase section */

/* Begin PBXGroup section */
		E42B4FA02B682A58003E6475 = {
			isa = PBXGroup;
			children = (
				E42B4FAB2B682A58003E6475 /* DubDubGrub */,
				E42B4FAA2B682A58003E6475 /* Products */,
			);
			sourceTree = "<group>";
		};
		E42B4FAA2B682A58003E6475 /* Products */ = {
			isa = PBXGroup;
			children = (
				E42B4FA92B682A58003E6475 /* DubDubGrub.app */,
			);
			name = Products;
			sourceTree = "<group>";
		};
		E42B4FAB2B682A58003E6475 /* DubDubGrub */ = {
			isa = PBXGroup;
			children = (
				E49924762B6969C00040FAB6 /* Utilities */,
				E499246A2B69276D0040FAB6 /* Extensions */,
				E499246F2B695ADA0040FAB6 /* Models */,
				E499246B2B6927800040FAB6 /* Views */,
				E42B4FD62B682AD7003E6475 /* DubDubGrub.entitlements */,
				E42B4FAC2B682A58003E6475 /* DubDubGrubApp.swift */,
				E42B4FB02B682A5A003E6475 /* Assets.xcassets */,
				E41B9C072B7139F00023B45D /* Info.plist */,
				E42B4FB22B682A5A003E6475 /* Preview Content */,
			);
			path = DubDubGrub;
			sourceTree = "<group>";
		};
		E42B4FB22B682A5A003E6475 /* Preview Content */ = {
			isa = PBXGroup;
			children = (
				E42B4FB32B682A5A003E6475 /* Preview Assets.xcassets */,
			);
			path = "Preview Content";
			sourceTree = "<group>";
		};
		E467C4F22B6BE4C9009BEE7C /* ProfileView */ = {
			isa = PBXGroup;
			children = (
				E467C4F32B6BE576009BEE7C /* ProfileViewModel.swift */,
				E42B4FDF2B682E2F003E6475 /* ProfileView.swift */,
			);
			path = ProfileView;
			sourceTree = "<group>";
		};
		E467C4F72B6D6374009BEE7C /* LocationDetailView */ = {
			isa = PBXGroup;
			children = (
				E467C4F82B6D63AD009BEE7C /* LocationDetailViewModel.swift */,
				E42B4FE12B683786003E6475 /* LocationDetailView.swift */,
				E49F020A2B6E68730004CCB1 /* ProfileModalView.swift */,
				E49576E72B7288C5001E7E42 /* ProfileSheetView.swift */,
			);
			path = LocationDetailView;
			sourceTree = "<group>";
		};
		E47137242B7120D3004F2EBE /* Managers */ = {
			isa = PBXGroup;
			children = (
				E49924772B6969F80040FAB6 /* CloudKitManager.swift */,
				E49924802B6983B60040FAB6 /* LocationManager.swift */,
				E49576E92B73A811001E7E42 /* HapticManager.swift */,
			);
			path = Managers;
			sourceTree = "<group>";
		};
		E49436A12B6FCA5800558A18 /* LocationListView */ = {
			isa = PBXGroup;
			children = (
				E49436A22B6FCA8C00558A18 /* LocationListViewModel.swift */,
				E42B4FDD2B682E22003E6475 /* LocationListView.swift */,
				E49924602B69217F0040FAB6 /* LocationCell.swift */,
			);
			path = LocationListView;
			sourceTree = "<group>";
		};
		E49436A42B6FD40700558A18 /* Map Annotation */ = {
			isa = PBXGroup;
			children = (
				E49436A52B6FD42500558A18 /* MapBalloon.swift */,
				E49436A72B6FD8A000558A18 /* DDGAnnotation.swift */,
			);
			path = "Map Annotation";
			sourceTree = "<group>";
		};
		E49436A92B70111900558A18 /* AppTabView */ = {
			isa = PBXGroup;
			children = (
				E49436AA2B70112E00558A18 /* AppTabViewModel.swift */,
				E42B4FD92B682CF7003E6475 /* AppTabView.swift */,
			);
			path = AppTabView;
			sourceTree = "<group>";
		};
		E499246A2B69276D0040FAB6 /* Extensions */ = {
			isa = PBXGroup;
			children = (
				E49924662B6924510040FAB6 /* View+Ext.swift */,
				E4FFCB392B6A4CBA0043E787 /* CKAsset+Ext.swift */,
				E467C4F02B6BC954009BEE7C /* UIImage+Ext.swift */,
			);
			path = Extensions;
			sourceTree = "<group>";
		};
		E499246B2B6927800040FAB6 /* Views */ = {
			isa = PBXGroup;
			children = (
				E49924642B6924230040FAB6 /* CustomModifiers.swift */,
				E499246E2B6927D30040FAB6 /* CustomViews */,
				E499246C2B6927910040FAB6 /* Screens */,
			);
			path = Views;
			sourceTree = "<group>";
		};
		E499246C2B6927910040FAB6 /* Screens */ = {
			isa = PBXGroup;
			children = (
				E49436A92B70111900558A18 /* AppTabView */,
				E49436A12B6FCA5800558A18 /* LocationListView */,
				E499247D2B6975110040FAB6 /* LocationMapView */,
				E467C4F72B6D6374009BEE7C /* LocationDetailView */,
				E467C4F22B6BE4C9009BEE7C /* ProfileView */,
				E4FFCB3B2B6A95D40043E787 /* OnboardView.swift */,
			);
			path = Screens;
			sourceTree = "<group>";
		};
		E499246E2B6927D30040FAB6 /* CustomViews */ = {
			isa = PBXGroup;
			children = (
				E49436A42B6FD40700558A18 /* Map Annotation */,
				E4FFCB422B6AB4800043E787 /* UIKit Components */,
				E4FFCB3F2B6A9AF30043E787 /* Buttons */,
				E49924622B6921A60040FAB6 /* AvatarView.swift */,
				E4FFCB3D2B6A961B0043E787 /* LogoView.swift */,
				E467C4F52B6D52CA009BEE7C /* LoadingView.swift */,
			);
			path = CustomViews;
			sourceTree = "<group>";
		};
		E499246F2B695ADA0040FAB6 /* Models */ = {
			isa = PBXGroup;
			children = (
				E49924702B695AED0040FAB6 /* DDGLocation.swift */,
				E49924722B69607E0040FAB6 /* DDGProfile.swift */,
				E49924742B6962C00040FAB6 /* MockData.swift */,
			);
			path = Models;
			sourceTree = "<group>";
		};
		E49924762B6969C00040FAB6 /* Utilities */ = {
			isa = PBXGroup;
			children = (
				E47137242B7120D3004F2EBE /* Managers */,
				E49924792B696B620040FAB6 /* Constants.swift */,
				E499247B2B69712A0040FAB6 /* AlertItem.swift */,
			);
			path = Utilities;
			sourceTree = "<group>";
		};
		E499247D2B6975110040FAB6 /* LocationMapView */ = {
			isa = PBXGroup;
			children = (
				E499247E2B69752D0040FAB6 /* LocationMapViewModel.swift */,
				E42B4FDB2B682E05003E6475 /* LocationMapView.swift */,
			);
			path = LocationMapView;
			sourceTree = "<group>";
		};
		E4FFCB3F2B6A9AF30043E787 /* Buttons */ = {
			isa = PBXGroup;
			children = (
				E4FFCB402B6A9B0E0043E787 /* XDismissButton.swift */,
				E49924682B6925BD0040FAB6 /* DDGButton.swift */,
			);
			path = Buttons;
			sourceTree = "<group>";
		};
		E4FFCB422B6AB4800043E787 /* UIKit Components */ = {
			isa = PBXGroup;
			children = (
				E4FFCB432B6AB5080043E787 /* PhotoPicker.swift */,
			);
			path = "UIKit Components";
			sourceTree = "<group>";
		};
/* End PBXGroup section */

/* Begin PBXNativeTarget section */
		E42B4FA82B682A58003E6475 /* DubDubGrub */ = {
			isa = PBXNativeTarget;
			buildConfigurationList = E42B4FCD2B682A5A003E6475 /* Build configuration list for PBXNativeTarget "DubDubGrub" */;
			buildPhases = (
				E42B4FA52B682A58003E6475 /* Sources */,
				E42B4FA62B682A58003E6475 /* Frameworks */,
				E42B4FA72B682A58003E6475 /* Resources */,
				E499245F2B690AE70040FAB6 /* Run Script (SwiftLint) */,
			);
			buildRules = (
			);
			dependencies = (
			);
			name = DubDubGrub;
			productName = DubDubGrub;
			productReference = E42B4FA92B682A58003E6475 /* DubDubGrub.app */;
			productType = "com.apple.product-type.application";
		};
/* End PBXNativeTarget section */

/* Begin PBXProject section */
		E42B4FA12B682A58003E6475 /* Project object */ = {
			isa = PBXProject;
			attributes = {
				BuildIndependentTargetsInParallel = 1;
				LastSwiftUpdateCheck = 1520;
				LastUpgradeCheck = 1520;
				TargetAttributes = {
					E42B4FA82B682A58003E6475 = {
						CreatedOnToolsVersion = 15.2;
					};
				};
			};
			buildConfigurationList = E42B4FA42B682A58003E6475 /* Build configuration list for PBXProject "DubDubGrub" */;
			compatibilityVersion = "Xcode 14.0";
			developmentRegion = en;
			hasScannedForEncodings = 0;
			knownRegions = (
				en,
				Base,
			);
			mainGroup = E42B4FA02B682A58003E6475;
			productRefGroup = E42B4FAA2B682A58003E6475 /* Products */;
			projectDirPath = "";
			projectRoot = "";
			targets = (
				E42B4FA82B682A58003E6475 /* DubDubGrub */,
			);
		};
/* End PBXProject section */

/* Begin PBXResourcesBuildPhase section */
		E42B4FA72B682A58003E6475 /* Resources */ = {
			isa = PBXResourcesBuildPhase;
			buildActionMask = 2147483647;
			files = (
				E42B4FB42B682A5A003E6475 /* Preview Assets.xcassets in Resources */,
				E42B4FB12B682A5A003E6475 /* Assets.xcassets in Resources */,
			);
			runOnlyForDeploymentPostprocessing = 0;
		};
/* End PBXResourcesBuildPhase section */

/* Begin PBXShellScriptBuildPhase section */
		E499245F2B690AE70040FAB6 /* Run Script (SwiftLint) */ = {
			isa = PBXShellScriptBuildPhase;
			alwaysOutOfDate = 1;
			buildActionMask = 2147483647;
			files = (
			);
			inputFileListPaths = (
			);
			inputPaths = (
			);
			name = "Run Script (SwiftLint)";
			outputFileListPaths = (
			);
			outputPaths = (
			);
			runOnlyForDeploymentPostprocessing = 0;
			shellPath = /bin/sh;
			shellScript = "export PATH=\"$PATH:/opt/homebrew/bin\"\nif which swiftlint > /dev/null; then\n  swiftlint\nelse\n  echo \"warning: SwiftLint not installed, download from https://github.com/realm/SwiftLint\"\nfi\n";
		};
/* End PBXShellScriptBuildPhase section */

/* Begin PBXSourcesBuildPhase section */
		E42B4FA52B682A58003E6475 /* Sources */ = {
			isa = PBXSourcesBuildPhase;
			buildActionMask = 2147483647;
			files = (
				E42B4FAD2B682A58003E6475 /* DubDubGrubApp.swift in Sources */,
				E499247A2B696B620040FAB6 /* Constants.swift in Sources */,
				E49576E82B7288C5001E7E42 /* ProfileSheetView.swift in Sources */,
				E4FFCB3A2B6A4CBA0043E787 /* CKAsset+Ext.swift in Sources */,
				E467C4F42B6BE576009BEE7C /* ProfileViewModel.swift in Sources */,
				E49924652B6924230040FAB6 /* CustomModifiers.swift in Sources */,
				E467C4F62B6D52CA009BEE7C /* LoadingView.swift in Sources */,
				E42B4FDC2B682E05003E6475 /* LocationMapView.swift in Sources */,
				E42B4FDE2B682E22003E6475 /* LocationListView.swift in Sources */,
				E4FFCB3E2B6A961B0043E787 /* LogoView.swift in Sources */,
				E49436A32B6FCA8C00558A18 /* LocationListViewModel.swift in Sources */,
				E49924752B6962C00040FAB6 /* MockData.swift in Sources */,
				E42B4FE22B683786003E6475 /* LocationDetailView.swift in Sources */,
				E499247C2B69712A0040FAB6 /* AlertItem.swift in Sources */,
				E49924732B69607E0040FAB6 /* DDGProfile.swift in Sources */,
				E49924712B695AED0040FAB6 /* DDGLocation.swift in Sources */,
				E49576EA2B73A811001E7E42 /* HapticManager.swift in Sources */,
				E49436A82B6FD8A000558A18 /* DDGAnnotation.swift in Sources */,
				E42B4FDA2B682CF7003E6475 /* AppTabView.swift in Sources */,
				E49436A62B6FD42500558A18 /* MapBalloon.swift in Sources */,
				E42B4FE02B682E2F003E6475 /* ProfileView.swift in Sources */,
				E49924812B6983B60040FAB6 /* LocationManager.swift in Sources */,
				E4FFCB412B6A9B0E0043E787 /* XDismissButton.swift in Sources */,
				E499247F2B69752D0040FAB6 /* LocationMapViewModel.swift in Sources */,
				E49924782B6969F80040FAB6 /* CloudKitManager.swift in Sources */,
				E49924672B6924510040FAB6 /* View+Ext.swift in Sources */,
				E467C4F12B6BC954009BEE7C /* UIImage+Ext.swift in Sources */,
				E49924612B69217F0040FAB6 /* LocationCell.swift in Sources */,
				E49436AB2B70112E00558A18 /* AppTabViewModel.swift in Sources */,
				E49924692B6925BD0040FAB6 /* DDGButton.swift in Sources */,
				E49924632B6921A60040FAB6 /* AvatarView.swift in Sources */,
				E4FFCB3C2B6A95D40043E787 /* OnboardView.swift in Sources */,
				E4FFCB442B6AB5080043E787 /* PhotoPicker.swift in Sources */,
				E49F020B2B6E68730004CCB1 /* ProfileModalView.swift in Sources */,
				E467C4F92B6D63AD009BEE7C /* LocationDetailViewModel.swift in Sources */,
			);
			runOnlyForDeploymentPostprocessing = 0;
		};
/* End PBXSourcesBuildPhase section */

/* Begin XCBuildConfiguration section */
		E42B4FCB2B682A5A003E6475 /* Debug */ = {
			isa = XCBuildConfiguration;
			buildSettings = {
				ALWAYS_SEARCH_USER_PATHS = NO;
				ASSETCATALOG_COMPILER_GENERATE_SWIFT_ASSET_SYMBOL_EXTENSIONS = YES;
				CLANG_ANALYZER_NONNULL = YES;
				CLANG_ANALYZER_NUMBER_OBJECT_CONVERSION = YES_AGGRESSIVE;
				CLANG_CXX_LANGUAGE_STANDARD = "gnu++20";
				CLANG_ENABLE_MODULES = YES;
				CLANG_ENABLE_OBJC_ARC = YES;
				CLANG_ENABLE_OBJC_WEAK = YES;
				CLANG_WARN_BLOCK_CAPTURE_AUTORELEASING = YES;
				CLANG_WARN_BOOL_CONVERSION = YES;
				CLANG_WARN_COMMA = YES;
				CLANG_WARN_CONSTANT_CONVERSION = YES;
				CLANG_WARN_DEPRECATED_OBJC_IMPLEMENTATIONS = YES;
				CLANG_WARN_DIRECT_OBJC_ISA_USAGE = YES_ERROR;
				CLANG_WARN_DOCUMENTATION_COMMENTS = YES;
				CLANG_WARN_EMPTY_BODY = YES;
				CLANG_WARN_ENUM_CONVERSION = YES;
				CLANG_WARN_INFINITE_RECURSION = YES;
				CLANG_WARN_INT_CONVERSION = YES;
				CLANG_WARN_NON_LITERAL_NULL_CONVERSION = YES;
				CLANG_WARN_OBJC_IMPLICIT_RETAIN_SELF = YES;
				CLANG_WARN_OBJC_LITERAL_CONVERSION = YES;
				CLANG_WARN_OBJC_ROOT_CLASS = YES_ERROR;
				CLANG_WARN_QUOTED_INCLUDE_IN_FRAMEWORK_HEADER = YES;
				CLANG_WARN_RANGE_LOOP_ANALYSIS = YES;
				CLANG_WARN_STRICT_PROTOTYPES = YES;
				CLANG_WARN_SUSPICIOUS_MOVE = YES;
				CLANG_WARN_UNGUARDED_AVAILABILITY = YES_AGGRESSIVE;
				CLANG_WARN_UNREACHABLE_CODE = YES;
				CLANG_WARN__DUPLICATE_METHOD_MATCH = YES;
				COPY_PHASE_STRIP = NO;
				DEBUG_INFORMATION_FORMAT = dwarf;
				ENABLE_STRICT_OBJC_MSGSEND = YES;
				ENABLE_TESTABILITY = YES;
				ENABLE_USER_SCRIPT_SANDBOXING = YES;
				GCC_C_LANGUAGE_STANDARD = gnu17;
				GCC_DYNAMIC_NO_PIC = NO;
				GCC_NO_COMMON_BLOCKS = YES;
				GCC_OPTIMIZATION_LEVEL = 0;
				GCC_PREPROCESSOR_DEFINITIONS = (
					"DEBUG=1",
					"$(inherited)",
				);
				GCC_WARN_64_TO_32_BIT_CONVERSION = YES;
				GCC_WARN_ABOUT_RETURN_TYPE = YES_ERROR;
				GCC_WARN_UNDECLARED_SELECTOR = YES;
				GCC_WARN_UNINITIALIZED_AUTOS = YES_AGGRESSIVE;
				GCC_WARN_UNUSED_FUNCTION = YES;
				GCC_WARN_UNUSED_VARIABLE = YES;
				IPHONEOS_DEPLOYMENT_TARGET = 14.0;
				LOCALIZATION_PREFERS_STRING_CATALOGS = YES;
				MTL_ENABLE_DEBUG_INFO = INCLUDE_SOURCE;
				MTL_FAST_MATH = YES;
				ONLY_ACTIVE_ARCH = YES;
				SDKROOT = iphoneos;
				SWIFT_ACTIVE_COMPILATION_CONDITIONS = "DEBUG $(inherited)";
				SWIFT_OPTIMIZATION_LEVEL = "-Onone";
			};
			name = Debug;
		};
		E42B4FCC2B682A5A003E6475 /* Release */ = {
			isa = XCBuildConfiguration;
			buildSettings = {
				ALWAYS_SEARCH_USER_PATHS = NO;
				ASSETCATALOG_COMPILER_GENERATE_SWIFT_ASSET_SYMBOL_EXTENSIONS = YES;
				CLANG_ANALYZER_NONNULL = YES;
				CLANG_ANALYZER_NUMBER_OBJECT_CONVERSION = YES_AGGRESSIVE;
				CLANG_CXX_LANGUAGE_STANDARD = "gnu++20";
				CLANG_ENABLE_MODULES = YES;
				CLANG_ENABLE_OBJC_ARC = YES;
				CLANG_ENABLE_OBJC_WEAK = YES;
				CLANG_WARN_BLOCK_CAPTURE_AUTORELEASING = YES;
				CLANG_WARN_BOOL_CONVERSION = YES;
				CLANG_WARN_COMMA = YES;
				CLANG_WARN_CONSTANT_CONVERSION = YES;
				CLANG_WARN_DEPRECATED_OBJC_IMPLEMENTATIONS = YES;
				CLANG_WARN_DIRECT_OBJC_ISA_USAGE = YES_ERROR;
				CLANG_WARN_DOCUMENTATION_COMMENTS = YES;
				CLANG_WARN_EMPTY_BODY = YES;
				CLANG_WARN_ENUM_CONVERSION = YES;
				CLANG_WARN_INFINITE_RECURSION = YES;
				CLANG_WARN_INT_CONVERSION = YES;
				CLANG_WARN_NON_LITERAL_NULL_CONVERSION = YES;
				CLANG_WARN_OBJC_IMPLICIT_RETAIN_SELF = YES;
				CLANG_WARN_OBJC_LITERAL_CONVERSION = YES;
				CLANG_WARN_OBJC_ROOT_CLASS = YES_ERROR;
				CLANG_WARN_QUOTED_INCLUDE_IN_FRAMEWORK_HEADER = YES;
				CLANG_WARN_RANGE_LOOP_ANALYSIS = YES;
				CLANG_WARN_STRICT_PROTOTYPES = YES;
				CLANG_WARN_SUSPICIOUS_MOVE = YES;
				CLANG_WARN_UNGUARDED_AVAILABILITY = YES_AGGRESSIVE;
				CLANG_WARN_UNREACHABLE_CODE = YES;
				CLANG_WARN__DUPLICATE_METHOD_MATCH = YES;
				COPY_PHASE_STRIP = NO;
				DEBUG_INFORMATION_FORMAT = "dwarf-with-dsym";
				ENABLE_NS_ASSERTIONS = NO;
				ENABLE_STRICT_OBJC_MSGSEND = YES;
				ENABLE_USER_SCRIPT_SANDBOXING = YES;
				GCC_C_LANGUAGE_STANDARD = gnu17;
				GCC_NO_COMMON_BLOCKS = YES;
				GCC_WARN_64_TO_32_BIT_CONVERSION = YES;
				GCC_WARN_ABOUT_RETURN_TYPE = YES_ERROR;
				GCC_WARN_UNDECLARED_SELECTOR = YES;
				GCC_WARN_UNINITIALIZED_AUTOS = YES_AGGRESSIVE;
				GCC_WARN_UNUSED_FUNCTION = YES;
				GCC_WARN_UNUSED_VARIABLE = YES;
				IPHONEOS_DEPLOYMENT_TARGET = 14.0;
				LOCALIZATION_PREFERS_STRING_CATALOGS = YES;
				MTL_ENABLE_DEBUG_INFO = NO;
				MTL_FAST_MATH = YES;
				SDKROOT = iphoneos;
				SWIFT_COMPILATION_MODE = wholemodule;
				VALIDATE_PRODUCT = YES;
			};
			name = Release;
		};
		E42B4FCE2B682A5A003E6475 /* Debug */ = {
			isa = XCBuildConfiguration;
			buildSettings = {
				ASSETCATALOG_COMPILER_APPICON_NAME = AppIcon;
				ASSETCATALOG_COMPILER_GLOBAL_ACCENT_COLOR_NAME = AccentColor;
				CODE_SIGN_ENTITLEMENTS = DubDubGrub/DubDubGrub.entitlements;
				CODE_SIGN_STYLE = Automatic;
				CURRENT_PROJECT_VERSION = 1;
				DEVELOPMENT_ASSET_PATHS = "\"DubDubGrub/Preview Content\"";
				DEVELOPMENT_TEAM = SSZ659U5H9;
				ENABLE_PREVIEWS = YES;
				ENABLE_USER_SCRIPT_SANDBOXING = NO;
				GENERATE_INFOPLIST_FILE = YES;
				INFOPLIST_FILE = DubDubGrub/Info.plist;
				INFOPLIST_KEY_NSLocationWhenInUseUsageDescription = "Dub Dub Grub uses your location to show you where you are in relation to your friends and food.";
				INFOPLIST_KEY_UIApplicationSceneManifest_Generation = YES;
				INFOPLIST_KEY_UIApplicationSupportsIndirectInputEvents = YES;
				INFOPLIST_KEY_UISupportedInterfaceOrientations_iPad = "UIInterfaceOrientationPortrait UIInterfaceOrientationPortraitUpsideDown UIInterfaceOrientationLandscapeLeft UIInterfaceOrientationLandscapeRight";
				INFOPLIST_KEY_UISupportedInterfaceOrientations_iPhone = "UIInterfaceOrientationPortrait UIInterfaceOrientationLandscapeLeft UIInterfaceOrientationLandscapeRight";
				LD_RUNPATH_SEARCH_PATHS = (
					"$(inherited)",
					"@executable_path/Frameworks",
				);
				MARKETING_VERSION = 1.0;
				PRODUCT_BUNDLE_IDENTIFIER = com.sylvaindruaux.DubDubGrub;
				PRODUCT_NAME = "$(TARGET_NAME)";
				SWIFT_EMIT_LOC_STRINGS = YES;
				SWIFT_VERSION = 5.0;
				TARGETED_DEVICE_FAMILY = "1,2";
			};
			name = Debug;
		};
		E42B4FCF2B682A5A003E6475 /* Release */ = {
			isa = XCBuildConfiguration;
			buildSettings = {
				ASSETCATALOG_COMPILER_APPICON_NAME = AppIcon;
				ASSETCATALOG_COMPILER_GLOBAL_ACCENT_COLOR_NAME = AccentColor;
				CODE_SIGN_ENTITLEMENTS = DubDubGrub/DubDubGrub.entitlements;
				CODE_SIGN_STYLE = Automatic;
				CURRENT_PROJECT_VERSION = 1;
				DEVELOPMENT_ASSET_PATHS = "\"DubDubGrub/Preview Content\"";
				DEVELOPMENT_TEAM = SSZ659U5H9;
				ENABLE_PREVIEWS = YES;
				ENABLE_USER_SCRIPT_SANDBOXING = NO;
				GENERATE_INFOPLIST_FILE = YES;
				INFOPLIST_FILE = DubDubGrub/Info.plist;
				INFOPLIST_KEY_NSLocationWhenInUseUsageDescription = "Dub Dub Grub uses your location to show you where you are in relation to your friends and food.";
				INFOPLIST_KEY_UIApplicationSceneManifest_Generation = YES;
				INFOPLIST_KEY_UIApplicationSupportsIndirectInputEvents = YES;
				INFOPLIST_KEY_UISupportedInterfaceOrientations_iPad = "UIInterfaceOrientationPortrait UIInterfaceOrientationPortraitUpsideDown UIInterfaceOrientationLandscapeLeft UIInterfaceOrientationLandscapeRight";
				INFOPLIST_KEY_UISupportedInterfaceOrientations_iPhone = "UIInterfaceOrientationPortrait UIInterfaceOrientationLandscapeLeft UIInterfaceOrientationLandscapeRight";
				LD_RUNPATH_SEARCH_PATHS = (
					"$(inherited)",
					"@executable_path/Frameworks",
				);
				MARKETING_VERSION = 1.0;
				PRODUCT_BUNDLE_IDENTIFIER = com.sylvaindruaux.DubDubGrub;
				PRODUCT_NAME = "$(TARGET_NAME)";
				SWIFT_EMIT_LOC_STRINGS = YES;
				SWIFT_VERSION = 5.0;
				TARGETED_DEVICE_FAMILY = "1,2";
			};
			name = Release;
		};
/* End XCBuildConfiguration section */

/* Begin XCConfigurationList section */
		E42B4FA42B682A58003E6475 /* Build configuration list for PBXProject "DubDubGrub" */ = {
			isa = XCConfigurationList;
			buildConfigurations = (
				E42B4FCB2B682A5A003E6475 /* Debug */,
				E42B4FCC2B682A5A003E6475 /* Release */,
			);
			defaultConfigurationIsVisible = 0;
			defaultConfigurationName = Release;
		};
		E42B4FCD2B682A5A003E6475 /* Build configuration list for PBXNativeTarget "DubDubGrub" */ = {
			isa = XCConfigurationList;
			buildConfigurations = (
				E42B4FCE2B682A5A003E6475 /* Debug */,
				E42B4FCF2B682A5A003E6475 /* Release */,
			);
			defaultConfigurationIsVisible = 0;
			defaultConfigurationName = Release;
		};
/* End XCConfigurationList section */
	};
	rootObject = E42B4FA12B682A58003E6475 /* Project object */;
}
